<Solution>
  <Folder Name="/src/" />
  <Folder Name="/src/app/">
    <Project Path="src/app/CourseLibrary.App/CourseLibrary.App.csproj" />
  </Folder>
  <Folder Name="/src/course/">
    <Project Path="src/course/CourseLibrary.Client/CourseLibrary.Client.csproj" />
    <Project Path="src/course/CourseLibrary.Api/CourseLibrary.Api.csproj" />
    <Project Path="src/course/CourseLibrary.Application/CourseLibrary.Application.csproj" Id="e3762092-40c5-498a-8603-2925bb385484" />
    <Project Path="src/course/CourseLibrary.Domain/CourseLibrary.Domain.csproj" Id="b9aa2d1b-3001-4770-822a-5fe387ba3941" />
    <Project Path="src/course/CourseLibrary.EventConsumer/CourseLibrary.EventConsumer.csproj" Id="2eec5e3c-03b3-4849-8ec5-52e898cdc842" />
    <Project Path="src/course/CourseLibrary.Infrastructure/CourseLibrary.Infrastructure.csproj" Id="c3b48a74-0a80-4ebe-b9c8-292a135ddf93" />
  </Folder>
  <Folder Name="/src/gateway/">
    <Project Path="src/gateway/CourseLibrary.Gateway/CourseLibrary.Gateway.csproj" Id="1a2221d9-1ee9-46ad-86ab-4418b473ff66" />
  </Folder>
  <Folder Name="/src/idp/">
    <Project Path="src/idp/CourseLibrary.Idp.Application/CourseLibrary.Idp.Application.csproj" />
    <Project Path="src/idp/CourseLibrary.Idp.Domain/CourseLibrary.Idp.Domain.csproj" />
    <Project Path="src/idp/CourseLibrary.Idp.Infrastructure/CourseLibrary.Idp.Infrastructure.csproj" />
    <Project Path="src/idp/CourseLibrary.Idp/CourseLibrary.Idp.csproj" Id="06331876-0944-4d94-a4a5-47852a30e649" />
  </Folder>
  <Folder Name="/src/platform/">
    <Project Path="src/platform/Platform.Host/Platform.Host.csproj" Id="19c756fb-74a3-430e-adcb-738ea548c9a2" />
  </Folder>
  <Folder Name="/tests/" />
  <Folder Name="/tools/" />
</Solution>
